
Microsoft Visual Studio Solution File, Format Version 12.00
Project("{FAE04EC0-301F-11D3-BF4B-00C04F79EFBC}") = "Crabshell.Core", "Crabshell.Core\Crabshell.Core.csproj", "{F167621F-20CD-40D2-93AD-CD15D0714196}"
EndProject
Project("{FAE04EC0-301F-11D3-BF4B-00C04F79EFBC}") = "Crabshell.Data", "Crabshell.Data\Crabshell.Data.csproj", "{1D4A7B54-2749-4A63-B3CE-AFF66E991E93}"
EndProject
Project("{2150E333-8FDC-42A3-9474-1A3956D46DE8}") = "src", "src", "{E3A0ECE7-DA19-48E1-B0B0-0D58EDEFAC05}"
EndProject
Project("{FAE04EC0-301F-11D3-BF4B-00C04F79EFBC}") = "Crabshell.Sample", "Crabshell.Sample\Crabshell.Sample.csproj", "{42D921E6-2704-4F08-9F58-81F51223288F}"
EndProject
Project("{FAE04EC0-301F-11D3-BF4B-00C04F79EFBC}") = "Crabshell.SourceGenerator", "Crabshell.SourceGenerator\Crabshell.SourceGenerator.csproj", "{BF25513F-6CD2-4DF6-A802-E12CECBB40D3}"
EndProject
Project("{FAE04EC0-301F-11D3-BF4B-00C04F79EFBC}") = "Crabshell.Admin", "Crabshell.Admin\Crabshell.Admin.csproj", "{80AA36EE-B1F9-4DEB-B99A-E986AF6D2336}"
EndProject
Project("{2150E333-8FDC-42A3-9474-1A3956D46DE8}") = "Solution Items", "Solution Items", "{98257229-5201-4006-B061-B43809087867}"
	ProjectSection(SolutionItems) = preProject
		compose.yaml = compose.yaml
	EndProjectSection
EndProject
Project("{FAE04EC0-301F-11D3-BF4B-00C04F79EFBC}") = "Crabshell.Analyzers", "Crabshell.Analyzers\Crabshell.Analyzers.csproj", "{658EF3FA-22E1-4CA4-9A75-B6589D6BF741}"
EndProject
Project("{FAE04EC0-301F-11D3-BF4B-00C04F79EFBC}") = "Crabshell.Analyzers.Tests", "Crabshell.Analyzers.Tests\Crabshell.Analyzers.Tests.csproj", "{E01E08DE-AD9A-44CB-8415-AAA2B6911981}"
EndProject
Project("{2150E333-8FDC-42A3-9474-1A3956D46DE8}") = "tests", "tests", "{1F624BFC-AF5E-4028-83D5-FD56FFF8C783}"
EndProject
Project("{2150E333-8FDC-42A3-9474-1A3956D46DE8}") = "Storage", "Storage", "{0320CFD5-0037-4495-917F-596BC14FDDC0}"
EndProject
Project("{FAE04EC0-301F-11D3-BF4B-00C04F79EFBC}") = "Crabshell.Storage.Local", "Crabshell.Storage.Local\Crabshell.Storage.Local.csproj", "{DF72DFDD-08E0-44AD-9D31-9DD39E77775B}"
EndProject
Project("{FAE04EC0-301F-11D3-BF4B-00C04F79EFBC}") = "Crabshell.Storage.Azure", "Crabshell.Storage.Azure\Crabshell.Storage.Azure.csproj", "{D644EDE4-28DB-4E6E-BCEE-3860713A7665}"
EndProject
Project("{FAE04EC0-301F-11D3-BF4B-00C04F79EFBC}") = "Crabshell.Storage.S3", "Crabshell.Storage.S3\Crabshell.Storage.S3.csproj", "{109E955B-2B4C-47F3-9E37-D40B2A9D1C6A}"
EndProject
Project("{FAE04EC0-301F-11D3-BF4B-00C04F79EFBC}") = "Crabshell.Storage.GCS", "Crabshell.Storage.GCS\Crabshell.Storage.GCS.csproj", "{01C7373B-AC4E-4EC1-B3C3-BF4F719741F2}"
EndProject
Project("{2150E333-8FDC-42A3-9474-1A3956D46DE8}") = "Data", "Data", "{2E1BEE33-C982-4CFA-9E55-D7A0F4657DE9}"
EndProject
Project("{FAE04EC0-301F-11D3-BF4B-00C04F79EFBC}") = "Crabshell.Data.Postgres", "src\data\Crabshell.Data.Postgres\Crabshell.Data.Postgres.csproj", "{86CEF62A-4388-43C8-9AE9-89827D69142B}"
EndProject
Project("{FAE04EC0-301F-11D3-BF4B-00C04F79EFBC}") = "Crabshell.Data.SqlServer", "src\data\Crabshell.Data.SqlServer\Crabshell.Data.SqlServer.csproj", "{24D2BD31-B162-402B-9DA7-5EF438B5F664}"
EndProject
Project("{FAE04EC0-301F-11D3-BF4B-00C04F79EFBC}") = "Crabshell.Data.Sqlite", "src\data\Crabshell.Data.Sqlite\Crabshell.Data.Sqlite.csproj", "{681AD4B0-5AB0-4093-A874-1A9935DF81BA}"
EndProject
Project("{FAE04EC0-301F-11D3-BF4B-00C04F79EFBC}") = "Crabshell.Tests.Integration", "Crabshell.Tests.Integration\Crabshell.Tests.Integration.csproj", "{D78C9120-C546-47A1-AEFD-636B1FFA3D0D}"
EndProject
Global
	GlobalSection(SolutionConfigurationPlatforms) = preSolution
		Debug|Any CPU = Debug|Any CPU
		Debug|x64 = Debug|x64
		Debug|x86 = Debug|x86
		Release|Any CPU = Release|Any CPU
		Release|x64 = Release|x64
		Release|x86 = Release|x86
	EndGlobalSection
	GlobalSection(ProjectConfigurationPlatforms) = postSolution
		{F167621F-20CD-40D2-93AD-CD15D0714196}.Debug|Any CPU.ActiveCfg = Debug|Any CPU
		{F167621F-20CD-40D2-93AD-CD15D0714196}.Debug|Any CPU.Build.0 = Debug|Any CPU
		{F167621F-20CD-40D2-93AD-CD15D0714196}.Debug|x64.ActiveCfg = Debug|Any CPU
		{F167621F-20CD-40D2-93AD-CD15D0714196}.Debug|x64.Build.0 = Debug|Any CPU
		{F167621F-20CD-40D2-93AD-CD15D0714196}.Debug|x86.ActiveCfg = Debug|Any CPU
		{F167621F-20CD-40D2-93AD-CD15D0714196}.Debug|x86.Build.0 = Debug|Any CPU
		{F167621F-20CD-40D2-93AD-CD15D0714196}.Release|Any CPU.ActiveCfg = Release|Any CPU
		{F167621F-20CD-40D2-93AD-CD15D0714196}.Release|Any CPU.Build.0 = Release|Any CPU
		{F167621F-20CD-40D2-93AD-CD15D0714196}.Release|x64.ActiveCfg = Release|Any CPU
		{F167621F-20CD-40D2-93AD-CD15D0714196}.Release|x64.Build.0 = Release|Any CPU
		{F167621F-20CD-40D2-93AD-CD15D0714196}.Release|x86.ActiveCfg = Release|Any CPU
		{F167621F-20CD-40D2-93AD-CD15D0714196}.Release|x86.Build.0 = Release|Any CPU
		{1D4A7B54-2749-4A63-B3CE-AFF66E991E93}.Debug|Any CPU.ActiveCfg = Debug|Any CPU
		{1D4A7B54-2749-4A63-B3CE-AFF66E991E93}.Debug|Any CPU.Build.0 = Debug|Any CPU
		{1D4A7B54-2749-4A63-B3CE-AFF66E991E93}.Debug|x64.ActiveCfg = Debug|Any CPU
		{1D4A7B54-2749-4A63-B3CE-AFF66E991E93}.Debug|x64.Build.0 = Debug|Any CPU
		{1D4A7B54-2749-4A63-B3CE-AFF66E991E93}.Debug|x86.ActiveCfg = Debug|Any CPU
		{1D4A7B54-2749-4A63-B3CE-AFF66E991E93}.Debug|x86.Build.0 = Debug|Any CPU
		{1D4A7B54-2749-4A63-B3CE-AFF66E991E93}.Release|Any CPU.ActiveCfg = Release|Any CPU
		{1D4A7B54-2749-4A63-B3CE-AFF66E991E93}.Release|Any CPU.Build.0 = Release|Any CPU
		{1D4A7B54-2749-4A63-B3CE-AFF66E991E93}.Release|x64.ActiveCfg = Release|Any CPU
		{1D4A7B54-2749-4A63-B3CE-AFF66E991E93}.Release|x64.Build.0 = Release|Any CPU
		{1D4A7B54-2749-4A63-B3CE-AFF66E991E93}.Release|x86.ActiveCfg = Release|Any CPU
		{1D4A7B54-2749-4A63-B3CE-AFF66E991E93}.Release|x86.Build.0 = Release|Any CPU
		{42D921E6-2704-4F08-9F58-81F51223288F}.Debug|Any CPU.ActiveCfg = Debug|Any CPU
		{42D921E6-2704-4F08-9F58-81F51223288F}.Debug|Any CPU.Build.0 = Debug|Any CPU
		{42D921E6-2704-4F08-9F58-81F51223288F}.Debug|x64.ActiveCfg = Debug|Any CPU
		{42D921E6-2704-4F08-9F58-81F51223288F}.Debug|x64.Build.0 = Debug|Any CPU
		{42D921E6-2704-4F08-9F58-81F51223288F}.Debug|x86.ActiveCfg = Debug|Any CPU
		{42D921E6-2704-4F08-9F58-81F51223288F}.Debug|x86.Build.0 = Debug|Any CPU
		{42D921E6-2704-4F08-9F58-81F51223288F}.Release|Any CPU.ActiveCfg = Release|Any CPU
		{42D921E6-2704-4F08-9F58-81F51223288F}.Release|Any CPU.Build.0 = Release|Any CPU
		{42D921E6-2704-4F08-9F58-81F51223288F}.Release|x64.ActiveCfg = Release|Any CPU
		{42D921E6-2704-4F08-9F58-81F51223288F}.Release|x64.Build.0 = Release|Any CPU
		{42D921E6-2704-4F08-9F58-81F51223288F}.Release|x86.ActiveCfg = Release|Any CPU
		{42D921E6-2704-4F08-9F58-81F51223288F}.Release|x86.Build.0 = Release|Any CPU
		{BF25513F-6CD2-4DF6-A802-E12CECBB40D3}.Debug|Any CPU.ActiveCfg = Debug|Any CPU
		{BF25513F-6CD2-4DF6-A802-E12CECBB40D3}.Debug|Any CPU.Build.0 = Debug|Any CPU
		{BF25513F-6CD2-4DF6-A802-E12CECBB40D3}.Debug|x64.ActiveCfg = Debug|Any CPU
		{BF25513F-6CD2-4DF6-A802-E12CECBB40D3}.Debug|x64.Build.0 = Debug|Any CPU
		{BF25513F-6CD2-4DF6-A802-E12CECBB40D3}.Debug|x86.ActiveCfg = Debug|Any CPU
		{BF25513F-6CD2-4DF6-A802-E12CECBB40D3}.Debug|x86.Build.0 = Debug|Any CPU
		{BF25513F-6CD2-4DF6-A802-E12CECBB40D3}.Release|Any CPU.ActiveCfg = Release|Any CPU
		{BF25513F-6CD2-4DF6-A802-E12CECBB40D3}.Release|Any CPU.Build.0 = Release|Any CPU
		{BF25513F-6CD2-4DF6-A802-E12CECBB40D3}.Release|x64.ActiveCfg = Release|Any CPU
		{BF25513F-6CD2-4DF6-A802-E12CECBB40D3}.Release|x64.Build.0 = Release|Any CPU
		{BF25513F-6CD2-4DF6-A802-E12CECBB40D3}.Release|x86.ActiveCfg = Release|Any CPU
		{BF25513F-6CD2-4DF6-A802-E12CECBB40D3}.Release|x86.Build.0 = Release|Any CPU
		{80AA36EE-B1F9-4DEB-B99A-E986AF6D2336}.Debug|Any CPU.ActiveCfg = Debug|Any CPU
		{80AA36EE-B1F9-4DEB-B99A-E986AF6D2336}.Debug|Any CPU.Build.0 = Debug|Any CPU
		{80AA36EE-B1F9-4DEB-B99A-E986AF6D2336}.Debug|x64.ActiveCfg = Debug|Any CPU
		{80AA36EE-B1F9-4DEB-B99A-E986AF6D2336}.Debug|x64.Build.0 = Debug|Any CPU
		{80AA36EE-B1F9-4DEB-B99A-E986AF6D2336}.Debug|x86.ActiveCfg = Debug|Any CPU
		{80AA36EE-B1F9-4DEB-B99A-E986AF6D2336}.Debug|x86.Build.0 = Debug|Any CPU
		{80AA36EE-B1F9-4DEB-B99A-E986AF6D2336}.Release|Any CPU.ActiveCfg = Release|Any CPU
		{80AA36EE-B1F9-4DEB-B99A-E986AF6D2336}.Release|Any CPU.Build.0 = Release|Any CPU
		{80AA36EE-B1F9-4DEB-B99A-E986AF6D2336}.Release|x64.ActiveCfg = Release|Any CPU
		{80AA36EE-B1F9-4DEB-B99A-E986AF6D2336}.Release|x64.Build.0 = Release|Any CPU
		{80AA36EE-B1F9-4DEB-B99A-E986AF6D2336}.Release|x86.ActiveCfg = Release|Any CPU
		{80AA36EE-B1F9-4DEB-B99A-E986AF6D2336}.Release|x86.Build.0 = Release|Any CPU
		{658EF3FA-22E1-4CA4-9A75-B6589D6BF741}.Debug|Any CPU.ActiveCfg = Debug|Any CPU
		{658EF3FA-22E1-4CA4-9A75-B6589D6BF741}.Debug|Any CPU.Build.0 = Debug|Any CPU
		{658EF3FA-22E1-4CA4-9A75-B6589D6BF741}.Debug|x64.ActiveCfg = Debug|Any CPU
		{658EF3FA-22E1-4CA4-9A75-B6589D6BF741}.Debug|x64.Build.0 = Debug|Any CPU
		{658EF3FA-22E1-4CA4-9A75-B6589D6BF741}.Debug|x86.ActiveCfg = Debug|Any CPU
		{658EF3FA-22E1-4CA4-9A75-B6589D6BF741}.Debug|x86.Build.0 = Debug|Any CPU
		{658EF3FA-22E1-4CA4-9A75-B6589D6BF741}.Release|Any CPU.ActiveCfg = Release|Any CPU
		{658EF3FA-22E1-4CA4-9A75-B6589D6BF741}.Release|Any CPU.Build.0 = Release|Any CPU
		{658EF3FA-22E1-4CA4-9A75-B6589D6BF741}.Release|x64.ActiveCfg = Release|Any CPU
		{658EF3FA-22E1-4CA4-9A75-B6589D6BF741}.Release|x64.Build.0 = Release|Any CPU
		{658EF3FA-22E1-4CA4-9A75-B6589D6BF741}.Release|x86.ActiveCfg = Release|Any CPU
		{658EF3FA-22E1-4CA4-9A75-B6589D6BF741}.Release|x86.Build.0 = Release|Any CPU
		{E01E08DE-AD9A-44CB-8415-AAA2B6911981}.Debug|Any CPU.ActiveCfg = Debug|Any CPU
		{E01E08DE-AD9A-44CB-8415-AAA2B6911981}.Debug|Any CPU.Build.0 = Debug|Any CPU
		{E01E08DE-AD9A-44CB-8415-AAA2B6911981}.Debug|x64.ActiveCfg = Debug|Any CPU
		{E01E08DE-AD9A-44CB-8415-AAA2B6911981}.Debug|x64.Build.0 = Debug|Any CPU
		{E01E08DE-AD9A-44CB-8415-AAA2B6911981}.Debug|x86.ActiveCfg = Debug|Any CPU
		{E01E08DE-AD9A-44CB-8415-AAA2B6911981}.Debug|x86.Build.0 = Debug|Any CPU
		{E01E08DE-AD9A-44CB-8415-AAA2B6911981}.Release|Any CPU.ActiveCfg = Release|Any CPU
		{E01E08DE-AD9A-44CB-8415-AAA2B6911981}.Release|Any CPU.Build.0 = Release|Any CPU
		{E01E08DE-AD9A-44CB-8415-AAA2B6911981}.Release|x64.ActiveCfg = Release|Any CPU
		{E01E08DE-AD9A-44CB-8415-AAA2B6911981}.Release|x64.Build.0 = Release|Any CPU
		{E01E08DE-AD9A-44CB-8415-AAA2B6911981}.Release|x86.ActiveCfg = Release|Any CPU
		{E01E08DE-AD9A-44CB-8415-AAA2B6911981}.Release|x86.Build.0 = Release|Any CPU
		{DF72DFDD-08E0-44AD-9D31-9DD39E77775B}.Debug|Any CPU.ActiveCfg = Debug|Any CPU
		{DF72DFDD-08E0-44AD-9D31-9DD39E77775B}.Debug|Any CPU.Build.0 = Debug|Any CPU
		{DF72DFDD-08E0-44AD-9D31-9DD39E77775B}.Debug|x64.ActiveCfg = Debug|Any CPU
		{DF72DFDD-08E0-44AD-9D31-9DD39E77775B}.Debug|x64.Build.0 = Debug|Any CPU
		{DF72DFDD-08E0-44AD-9D31-9DD39E77775B}.Debug|x86.ActiveCfg = Debug|Any CPU
		{DF72DFDD-08E0-44AD-9D31-9DD39E77775B}.Debug|x86.Build.0 = Debug|Any CPU
		{DF72DFDD-08E0-44AD-9D31-9DD39E77775B}.Release|Any CPU.ActiveCfg = Release|Any CPU
		{DF72DFDD-08E0-44AD-9D31-9DD39E77775B}.Release|Any CPU.Build.0 = Release|Any CPU
		{DF72DFDD-08E0-44AD-9D31-9DD39E77775B}.Release|x64.ActiveCfg = Release|Any CPU
		{DF72DFDD-08E0-44AD-9D31-9DD39E77775B}.Release|x64.Build.0 = Release|Any CPU
		{DF72DFDD-08E0-44AD-9D31-9DD39E77775B}.Release|x86.ActiveCfg = Release|Any CPU
		{DF72DFDD-08E0-44AD-9D31-9DD39E77775B}.Release|x86.Build.0 = Release|Any CPU
		{D644EDE4-28DB-4E6E-BCEE-3860713A7665}.Debug|Any CPU.ActiveCfg = Debug|Any CPU
		{D644EDE4-28DB-4E6E-BCEE-3860713A7665}.Debug|Any CPU.Build.0 = Debug|Any CPU
		{D644EDE4-28DB-4E6E-BCEE-3860713A7665}.Debug|x64.ActiveCfg = Debug|Any CPU
		{D644EDE4-28DB-4E6E-BCEE-3860713A7665}.Debug|x64.Build.0 = Debug|Any CPU
		{D644EDE4-28DB-4E6E-BCEE-3860713A7665}.Debug|x86.ActiveCfg = Debug|Any CPU
		{D644EDE4-28DB-4E6E-BCEE-3860713A7665}.Debug|x86.Build.0 = Debug|Any CPU
		{D644EDE4-28DB-4E6E-BCEE-3860713A7665}.Release|Any CPU.ActiveCfg = Release|Any CPU
		{D644EDE4-28DB-4E6E-BCEE-3860713A7665}.Release|Any CPU.Build.0 = Release|Any CPU
		{D644EDE4-28DB-4E6E-BCEE-3860713A7665}.Release|x64.ActiveCfg = Release|Any CPU
		{D644EDE4-28DB-4E6E-BCEE-3860713A7665}.Release|x64.Build.0 = Release|Any CPU
		{D644EDE4-28DB-4E6E-BCEE-3860713A7665}.Release|x86.ActiveCfg = Release|Any CPU
		{D644EDE4-28DB-4E6E-BCEE-3860713A7665}.Release|x86.Build.0 = Release|Any CPU
		{109E955B-2B4C-47F3-9E37-D40B2A9D1C6A}.Debug|Any CPU.ActiveCfg = Debug|Any CPU
		{109E955B-2B4C-47F3-9E37-D40B2A9D1C6A}.Debug|Any CPU.Build.0 = Debug|Any CPU
		{109E955B-2B4C-47F3-9E37-D40B2A9D1C6A}.Debug|x64.ActiveCfg = Debug|Any CPU
		{109E955B-2B4C-47F3-9E37-D40B2A9D1C6A}.Debug|x64.Build.0 = Debug|Any CPU
		{109E955B-2B4C-47F3-9E37-D40B2A9D1C6A}.Debug|x86.ActiveCfg = Debug|Any CPU
		{109E955B-2B4C-47F3-9E37-D40B2A9D1C6A}.Debug|x86.Build.0 = Debug|Any CPU
		{109E955B-2B4C-47F3-9E37-D40B2A9D1C6A}.Release|Any CPU.ActiveCfg = Release|Any CPU
		{109E955B-2B4C-47F3-9E37-D40B2A9D1C6A}.Release|Any CPU.Build.0 = Release|Any CPU
		{109E955B-2B4C-47F3-9E37-D40B2A9D1C6A}.Release|x64.ActiveCfg = Release|Any CPU
		{109E955B-2B4C-47F3-9E37-D40B2A9D1C6A}.Release|x64.Build.0 = Release|Any CPU
		{109E955B-2B4C-47F3-9E37-D40B2A9D1C6A}.Release|x86.ActiveCfg = Release|Any CPU
		{109E955B-2B4C-47F3-9E37-D40B2A9D1C6A}.Release|x86.Build.0 = Release|Any CPU
		{01C7373B-AC4E-4EC1-B3C3-BF4F719741F2}.Debug|Any CPU.ActiveCfg = Debug|Any CPU
		{01C7373B-AC4E-4EC1-B3C3-BF4F719741F2}.Debug|Any CPU.Build.0 = Debug|Any CPU
		{01C7373B-AC4E-4EC1-B3C3-BF4F719741F2}.Debug|x64.ActiveCfg = Debug|Any CPU
		{01C7373B-AC4E-4EC1-B3C3-BF4F719741F2}.Debug|x64.Build.0 = Debug|Any CPU
		{01C7373B-AC4E-4EC1-B3C3-BF4F719741F2}.Debug|x86.ActiveCfg = Debug|Any CPU
		{01C7373B-AC4E-4EC1-B3C3-BF4F719741F2}.Debug|x86.Build.0 = Debug|Any CPU
		{01C7373B-AC4E-4EC1-B3C3-BF4F719741F2}.Release|Any CPU.ActiveCfg = Release|Any CPU
		{01C7373B-AC4E-4EC1-B3C3-BF4F719741F2}.Release|Any CPU.Build.0 = Release|Any CPU
		{01C7373B-AC4E-4EC1-B3C3-BF4F719741F2}.Release|x64.ActiveCfg = Release|Any CPU
		{01C7373B-AC4E-4EC1-B3C3-BF4F719741F2}.Release|x64.Build.0 = Release|Any CPU
		{01C7373B-AC4E-4EC1-B3C3-BF4F719741F2}.Release|x86.ActiveCfg = Release|Any CPU
		{01C7373B-AC4E-4EC1-B3C3-BF4F719741F2}.Release|x86.Build.0 = Release|Any CPU
		{86CEF62A-4388-43C8-9AE9-89827D69142B}.Debug|Any CPU.ActiveCfg = Debug|Any CPU
		{86CEF62A-4388-43C8-9AE9-89827D69142B}.Debug|Any CPU.Build.0 = Debug|Any CPU
		{86CEF62A-4388-43C8-9AE9-89827D69142B}.Debug|x64.ActiveCfg = Debug|Any CPU
		{86CEF62A-4388-43C8-9AE9-89827D69142B}.Debug|x64.Build.0 = Debug|Any CPU
		{86CEF62A-4388-43C8-9AE9-89827D69142B}.Debug|x86.ActiveCfg = Debug|Any CPU
		{86CEF62A-4388-43C8-9AE9-89827D69142B}.Debug|x86.Build.0 = Debug|Any CPU
		{86CEF62A-4388-43C8-9AE9-89827D69142B}.Release|Any CPU.ActiveCfg = Release|Any CPU
		{86CEF62A-4388-43C8-9AE9-89827D69142B}.Release|Any CPU.Build.0 = Release|Any CPU
		{86CEF62A-4388-43C8-9AE9-89827D69142B}.Release|x64.ActiveCfg = Release|Any CPU
		{86CEF62A-4388-43C8-9AE9-89827D69142B}.Release|x64.Build.0 = Release|Any CPU
		{86CEF62A-4388-43C8-9AE9-89827D69142B}.Release|x86.ActiveCfg = Release|Any CPU
		{86CEF62A-4388-43C8-9AE9-89827D69142B}.Release|x86.Build.0 = Release|Any CPU
		{24D2BD31-B162-402B-9DA7-5EF438B5F664}.Debug|Any CPU.ActiveCfg = Debug|Any CPU
		{24D2BD31-B162-402B-9DA7-5EF438B5F664}.Debug|Any CPU.Build.0 = Debug|Any CPU
		{24D2BD31-B162-402B-9DA7-5EF438B5F664}.Debug|x64.ActiveCfg = Debug|Any CPU
		{24D2BD31-B162-402B-9DA7-5EF438B5F664}.Debug|x64.Build.0 = Debug|Any CPU
		{24D2BD31-B162-402B-9DA7-5EF438B5F664}.Debug|x86.ActiveCfg = Debug|Any CPU
		{24D2BD31-B162-402B-9DA7-5EF438B5F664}.Debug|x86.Build.0 = Debug|Any CPU
		{24D2BD31-B162-402B-9DA7-5EF438B5F664}.Release|Any CPU.ActiveCfg = Release|Any CPU
		{24D2BD31-B162-402B-9DA7-5EF438B5F664}.Release|Any CPU.Build.0 = Release|Any CPU
		{24D2BD31-B162-402B-9DA7-5EF438B5F664}.Release|x64.ActiveCfg = Release|Any CPU
		{24D2BD31-B162-402B-9DA7-5EF438B5F664}.Release|x64.Build.0 = Release|Any CPU
		{24D2BD31-B162-402B-9DA7-5EF438B5F664}.Release|x86.ActiveCfg = Release|Any CPU
		{24D2BD31-B162-402B-9DA7-5EF438B5F664}.Release|x86.Build.0 = Release|Any CPU
		{681AD4B0-5AB0-4093-A874-1A9935DF81BA}.Debug|Any CPU.ActiveCfg = Debug|Any CPU
		{681AD4B0-5AB0-4093-A874-1A9935DF81BA}.Debug|Any CPU.Build.0 = Debug|Any CPU
		{681AD4B0-5AB0-4093-A874-1A9935DF81BA}.Debug|x64.ActiveCfg = Debug|Any CPU
		{681AD4B0-5AB0-4093-A874-1A9935DF81BA}.Debug|x64.Build.0 = Debug|Any CPU
		{681AD4B0-5AB0-4093-A874-1A9935DF81BA}.Debug|x86.ActiveCfg = Debug|Any CPU
		{681AD4B0-5AB0-4093-A874-1A9935DF81BA}.Debug|x86.Build.0 = Debug|Any CPU
		{681AD4B0-5AB0-4093-A874-1A9935DF81BA}.Release|Any CPU.ActiveCfg = Release|Any CPU
		{681AD4B0-5AB0-4093-A874-1A9935DF81BA}.Release|Any CPU.Build.0 = Release|Any CPU
		{681AD4B0-5AB0-4093-A874-1A9935DF81BA}.Release|x64.ActiveCfg = Release|Any CPU
		{681AD4B0-5AB0-4093-A874-1A9935DF81BA}.Release|x64.Build.0 = Release|Any CPU
		{681AD4B0-5AB0-4093-A874-1A9935DF81BA}.Release|x86.ActiveCfg = Release|Any CPU
		{681AD4B0-5AB0-4093-A874-1A9935DF81BA}.Release|x86.Build.0 = Release|Any CPU
		{D78C9120-C546-47A1-AEFD-636B1FFA3D0D}.Debug|Any CPU.ActiveCfg = Debug|Any CPU
		{D78C9120-C546-47A1-AEFD-636B1FFA3D0D}.Debug|Any CPU.Build.0 = Debug|Any CPU
		{D78C9120-C546-47A1-AEFD-636B1FFA3D0D}.Debug|x64.ActiveCfg = Debug|Any CPU
		{D78C9120-C546-47A1-AEFD-636B1FFA3D0D}.Debug|x64.Build.0 = Debug|Any CPU
		{D78C9120-C546-47A1-AEFD-636B1FFA3D0D}.Debug|x86.ActiveCfg = Debug|Any CPU
		{D78C9120-C546-47A1-AEFD-636B1FFA3D0D}.Debug|x86.Build.0 = Debug|Any CPU
		{D78C9120-C546-47A1-AEFD-636B1FFA3D0D}.Release|Any CPU.ActiveCfg = Release|Any CPU
		{D78C9120-C546-47A1-AEFD-636B1FFA3D0D}.Release|Any CPU.Build.0 = Release|Any CPU
		{D78C9120-C546-47A1-AEFD-636B1FFA3D0D}.Release|x64.ActiveCfg = Release|Any CPU
		{D78C9120-C546-47A1-AEFD-636B1FFA3D0D}.Release|x64.Build.0 = Release|Any CPU
		{D78C9120-C546-47A1-AEFD-636B1FFA3D0D}.Release|x86.ActiveCfg = Release|Any CPU
		{D78C9120-C546-47A1-AEFD-636B1FFA3D0D}.Release|x86.Build.0 = Release|Any CPU
	EndGlobalSection
	GlobalSection(SolutionProperties) = preSolution
		HideSolutionNode = FALSE
	EndGlobalSection
	GlobalSection(NestedProjects) = preSolution
		{F167621F-20CD-40D2-93AD-CD15D0714196} = {E3A0ECE7-DA19-48E1-B0B0-0D58EDEFAC05}
		{1D4A7B54-2749-4A63-B3CE-AFF66E991E93} = {E3A0ECE7-DA19-48E1-B0B0-0D58EDEFAC05}
		{BF25513F-6CD2-4DF6-A802-E12CECBB40D3} = {E3A0ECE7-DA19-48E1-B0B0-0D58EDEFAC05}
		{80AA36EE-B1F9-4DEB-B99A-E986AF6D2336} = {E3A0ECE7-DA19-48E1-B0B0-0D58EDEFAC05}
		{658EF3FA-22E1-4CA4-9A75-B6589D6BF741} = {E3A0ECE7-DA19-48E1-B0B0-0D58EDEFAC05}
		{E01E08DE-AD9A-44CB-8415-AAA2B6911981} = {1F624BFC-AF5E-4028-83D5-FD56FFF8C783}
		{0320CFD5-0037-4495-917F-596BC14FDDC0} = {E3A0ECE7-DA19-48E1-B0B0-0D58EDEFAC05}
		{DF72DFDD-08E0-44AD-9D31-9DD39E77775B} = {0320CFD5-0037-4495-917F-596BC14FDDC0}
		{D644EDE4-28DB-4E6E-BCEE-3860713A7665} = {0320CFD5-0037-4495-917F-596BC14FDDC0}
		{109E955B-2B4C-47F3-9E37-D40B2A9D1C6A} = {0320CFD5-0037-4495-917F-596BC14FDDC0}
		{01C7373B-AC4E-4EC1-B3C3-BF4F719741F2} = {0320CFD5-0037-4495-917F-596BC14FDDC0}
		{2E1BEE33-C982-4CFA-9E55-D7A0F4657DE9} = {E3A0ECE7-DA19-48E1-B0B0-0D58EDEFAC05}
		{86CEF62A-4388-43C8-9AE9-89827D69142B} = {2E1BEE33-C982-4CFA-9E55-D7A0F4657DE9}
		{24D2BD31-B162-402B-9DA7-5EF438B5F664} = {2E1BEE33-C982-4CFA-9E55-D7A0F4657DE9}
		{681AD4B0-5AB0-4093-A874-1A9935DF81BA} = {2E1BEE33-C982-4CFA-9E55-D7A0F4657DE9}
		{D78C9120-C546-47A1-AEFD-636B1FFA3D0D} = {1F624BFC-AF5E-4028-83D5-FD56FFF8C783}
	EndGlobalSection
EndGlobal
